
Microsoft Visual Studio Solution File, Format Version 12.00
# Visual Studio Version 17
VisualStudioVersion = 17.10.34928.147
MinimumVisualStudioVersion = 10.0.40219.1
Project("{FAE04EC0-301F-11D3-BF4B-00C04F79EFBC}") = "BaseUtils", "BaseUtils.csproj", "{A14A5F5B-1411-4D79-9F8B-E16DE52AABA6}"
EndProject
Global
	GlobalSection(SolutionConfigurationPlatforms) = preSolution
		Debug|Any CPU = Debug|Any CPU
		Release|Any CPU = Release|Any CPU
	EndGlobalSection
	GlobalSection(ProjectConfigurationPlatforms) = postSolution
		{A14A5F5B-1411-4D79-9F8B-E16DE52AABA6}.Debug|Any CPU.ActiveCfg = Debug|Any CPU
		{A14A5F5B-1411-4D79-9F8B-E16DE52AABA6}.Debug|Any CPU.Build.0 = Debug|Any CPU
		{A14A5F5B-1411-4D79-9F8B-E16DE52AABA6}.Release|Any CPU.ActiveCfg = Release|Any CPU
		{A14A5F5B-1411-4D79-9F8B-E16DE52AABA6}.Release|Any CPU.Build.0 = Release|Any CPU
	EndGlobalSection
	GlobalSection(SolutionProperties) = preSolution
		HideSolutionNode = FALSE
	EndGlobalSection
	GlobalSection(ExtensibilityGlobals) = postSolution
		SolutionGuid = {D234E02E-3E1F-4145-A0F1-F7564A08B0C0}
	EndGlobalSection
EndGlobal
